// !$*UTF8*$!
{
	archiveVersion = 1;
	classes = {
	};
	objectVersion = 50;
	objects = {

/* Begin PBXBuildFile section */
		3781DCA026B243CE00D4468B /* AppDelegate.swift in Sources */ = {isa = PBXBuildFile; fileRef = 3781DC9F26B243CE00D4468B /* AppDelegate.swift */; };
		3781DCA226B243CE00D4468B /* SceneDelegate.swift in Sources */ = {isa = PBXBuildFile; fileRef = 3781DCA126B243CE00D4468B /* SceneDelegate.swift */; };
		3781DCA426B243CE00D4468B /* ViewController.swift in Sources */ = {isa = PBXBuildFile; fileRef = 3781DCA326B243CE00D4468B /* ViewController.swift */; };
		3781DCA726B243CE00D4468B /* Main.storyboard in Resources */ = {isa = PBXBuildFile; fileRef = 3781DCA526B243CE00D4468B /* Main.storyboard */; };
		3781DCA926B243CF00D4468B /* Assets.xcassets in Resources */ = {isa = PBXBuildFile; fileRef = 3781DCA826B243CF00D4468B /* Assets.xcassets */; };
		3781DCAC26B243CF00D4468B /* LaunchScreen.storyboard in Resources */ = {isa = PBXBuildFile; fileRef = 3781DCAA26B243CF00D4468B /* LaunchScreen.storyboard */; };
		3781DCB426B244E200D4468B /* TableViewController.swift in Sources */ = {isa = PBXBuildFile; fileRef = 3781DCB326B244E200D4468B /* TableViewController.swift */; };
		3781DCB626B2470900D4468B /* Share.swift in Sources */ = {isa = PBXBuildFile; fileRef = 3781DCB526B2470900D4468B /* Share.swift */; };
/* End PBXBuildFile section */

/* Begin PBXFileReference section */
		3781DC9C26B243CE00D4468B /* SystemLayout.app */ = {isa = PBXFileReference; explicitFileType = wrapper.application; includeInIndex = 0; path = SystemLayout.app; sourceTree = BUILT_PRODUCTS_DIR; };
		3781DC9F26B243CE00D4468B /* AppDelegate.swift */ = {isa = PBXFileReference; lastKnownFileType = sourcecode.swift; path = AppDelegate.swift; sourceTree = "<group>"; };
		3781DCA126B243CE00D4468B /* SceneDelegate.swift */ = {isa = PBXFileReference; lastKnownFileType = sourcecode.swift; path = SceneDelegate.swift; sourceTree = "<group>"; };
		3781DCA326B243CE00D4468B /* ViewController.swift */ = {isa = PBXFileReference; lastKnownFileType = sourcecode.swift; path = ViewController.swift; sourceTree = "<group>"; };
		3781DCA626B243CE00D4468B /* Base */ = {isa = PBXFileReference; lastKnownFileType = file.storyboard; name = Base; path = Base.lproj/Main.storyboard; sourceTree = "<group>"; };
		3781DCA826B243CF00D4468B /* Assets.xcassets */ = {isa = PBXFileReference; lastKnownFileType = folder.assetcatalog; path = Assets.xcassets; sourceTree = "<group>"; };
		3781DCAB26B243CF00D4468B /* Base */ = {isa = PBXFileReference; lastKnownFileType = file.storyboard; name = Base; path = Base.lproj/LaunchScreen.storyboard; sourceTree = "<group>"; };
		3781DCAD26B243CF00D4468B /* Info.plist */ = {isa = PBXFileReference; lastKnownFileType = text.plist.xml; path = Info.plist; sourceTree = "<group>"; };
		3781DCB326B244E200D4468B /* TableViewController.swift */ = {isa = PBXFileReference; lastKnownFileType = sourcecode.swift; path = TableViewController.swift; sourceTree = "<group>"; };
		3781DCB526B2470900D4468B /* Share.swift */ = {isa = PBXFileReference; lastKnownFileType = sourcecode.swift; path = Share.swift; sourceTree = "<group>"; };
/* End PBXFileReference section */

/* Begin PBXFrameworksBuildPhase section */
		3781DC9926B243CE00D4468B /* Frameworks */ = {
			isa = PBXFrameworksBuildPhase;
			buildActionMask = 2147483647;
			files = (
			);
			runOnlyForDeploymentPostprocessing = 0;
		};
/* End PBXFrameworksBuildPhase section */

/* Begin PBXGroup section */
		3781DC9326B243CE00D4468B = {
			isa = PBXGroup;
			children = (
				3781DC9E26B243CE00D4468B /* SystemLayout */,
				3781DC9D26B243CE00D4468B /* Products */,
			);
			sourceTree = "<group>";
		};
		3781DC9D26B243CE00D4468B /* Products */ = {
			isa = PBXGroup;
			children = (
				3781DC9C26B243CE00D4468B /* SystemLayout.app */,
			);
			name = Products;
			sourceTree = "<group>";
		};
		3781DC9E26B243CE00D4468B /* SystemLayout */ = {
			isa = PBXGroup;
			children = (
				3781DC9F26B243CE00D4468B /* AppDelegate.swift */,
				3781DCA126B243CE00D4468B /* SceneDelegate.swift */,
				3781DCA326B243CE00D4468B /* ViewController.swift */,
				3781DCB326B244E200D4468B /* TableViewController.swift */,
				3781DCA526B243CE00D4468B /* Main.storyboard */,
				3781DCA826B243CF00D4468B /* Assets.xcassets */,
				3781DCAA26B243CF00D4468B /* LaunchScreen.storyboard */,
				3781DCAD26B243CF00D4468B /* Info.plist */,
				3781DCB526B2470900D4468B /* Share.swift */,
			);
			path = SystemLayout;
			sourceTree = "<group>";
		};
/* End PBXGroup section */

/* Begin PBXNativeTarget section */
		3781DC9B26B243CE00D4468B /* SystemLayout */ = {
			isa = PBXNativeTarget;
			buildConfigurationList = 3781DCB026B243CF00D4468B /* Build configuration list for PBXNativeTarget "SystemLayout" */;
			buildPhases = (
				3781DC9826B243CE00D4468B /* Sources */,
				3781DC9926B243CE00D4468B /* Frameworks */,
				3781DC9A26B243CE00D4468B /* Resources */,
			);
			buildRules = (
			);
			dependencies = (
			);
			name = SystemLayout;
			productName = SystemLayout;
			productReference = 3781DC9C26B243CE00D4468B /* SystemLayout.app */;
			productType = "com.apple.product-type.application";
		};
/* End PBXNativeTarget section */

/* Begin PBXProject section */
		3781DC9426B243CE00D4468B /* Project object */ = {
			isa = PBXProject;
			attributes = {
				LastSwiftUpdateCheck = 1250;
				LastUpgradeCheck = 1250;
				TargetAttributes = {
					3781DC9B26B243CE00D4468B = {
						CreatedOnToolsVersion = 12.5.1;
					};
				};
			};
			buildConfigurationList = 3781DC9726B243CE00D4468B /* Build configuration list for PBXProject "SystemLayout" */;
			compatibilityVersion = "Xcode 9.3";
			developmentRegion = en;
			hasScannedForEncodings = 0;
			knownRegions = (
				en,
				Base,
			);
			mainGroup = 3781DC9326B243CE00D4468B;
			productRefGroup = 3781DC9D26B243CE00D4468B /* Products */;
			projectDirPath = "";
			projectRoot = "";
			targets = (
				3781DC9B26B243CE00D4468B /* SystemLayout */,
			);
		};
/* End PBXProject section */

/* Begin PBXResourcesBuildPhase section */
		3781DC9A26B243CE00D4468B /* Resources */ = {
			isa = PBXResourcesBuildPhase;
			buildActionMask = 2147483647;
			files = (
				3781DCAC26B243CF00D4468B /* LaunchScreen.storyboard in Resources */,
				3781DCA926B243CF00D4468B /* Assets.xcassets in Resources */,
				3781DCA726B243CE00D4468B /* Main.storyboard in Resources */,
			);
			runOnlyForDeploymentPostprocessing = 0;
		};
/* End PBXResourcesBuildPhase section */

/* Begin PBXSourcesBuildPhase section */
		3781DC9826B243CE00D4468B /* Sources */ = {
			isa = PBXSourcesBuildPhase;
			buildActionMask = 2147483647;
			files = (
				3781DCB626B2470900D4468B /* Share.swift in Sources */,
				3781DCA426B243CE00D4468B /* ViewController.swift in Sources */,
				3781DCA026B243CE00D4468B /* AppDelegate.swift in Sources */,
				3781DCA226B243CE00D4468B /* SceneDelegate.swift in Sources */,
				3781DCB426B244E200D4468B /* TableViewController.swift in Sources */,
			);
			runOnlyForDeploymentPostprocessing = 0;
		};
/* End PBXSourcesBuildPhase section */

/* Begin PBXVariantGroup section */
		3781DCA526B243CE00D4468B /* Main.storyboard */ = {
			isa = PBXVariantGroup;
			children = (
				3781DCA626B243CE00D4468B /* Base */,
			);
			name = Main.storyboard;
			sourceTree = "<group>";
		};
		3781DCAA26B243CF00D4468B /* LaunchScreen.storyboard */ = {
			isa = PBXVariantGroup;
			children = (
				3781DCAB26B243CF00D4468B /* Base */,
			);
			name = LaunchScreen.storyboard;
			sourceTree = "<group>";
		};
/* End PBXVariantGroup section */

/* Begin XCBuildConfiguration section */
		3781DCAE26B243CF00D4468B /* Debug */ = {
			isa = XCBuildConfiguration;
			buildSettings = {
				ALWAYS_SEARCH_USER_PATHS = NO;
				CLANG_ANALYZER_NONNULL = YES;
				CLANG_ANALYZER_NUMBER_OBJECT_CONVERSION = YES_AGGRESSIVE;
				CLANG_CXX_LANGUAGE_STANDARD = "gnu++14";
				CLANG_CXX_LIBRARY = "libc++";
				CLANG_ENABLE_MODULES = YES;
				CLANG_ENABLE_OBJC_ARC = YES;
				CLANG_ENABLE_OBJC_WEAK = YES;
				CLANG_WARN_BLOCK_CAPTURE_AUTORELEASING = YES;
				CLANG_WARN_BOOL_CONVERSION = YES;
				CLANG_WARN_COMMA = YES;
				CLANG_WARN_CONSTANT_CONVERSION = YES;
				CLANG_WARN_DEPRECATED_OBJC_IMPLEMENTATIONS = YES;
				CLANG_WARN_DIRECT_OBJC_ISA_USAGE = YES_ERROR;
				CLANG_WARN_DOCUMENTATION_COMMENTS = YES;
				CLANG_WARN_EMPTY_BODY = YES;
				CLANG_WARN_ENUM_CONVERSION = YES;
				CLANG_WARN_INFINITE_RECURSION = YES;
				CLANG_WARN_INT_CONVERSION = YES;
				CLANG_WARN_NON_LITERAL_NULL_CONVERSION = YES;
				CLANG_WARN_OBJC_IMPLICIT_RETAIN_SELF = YES;
				CLANG_WARN_OBJC_LITERAL_CONVERSION = YES;
				CLANG_WARN_OBJC_ROOT_CLASS = YES_ERROR;
				CLANG_WARN_QUOTED_INCLUDE_IN_FRAMEWORK_HEADER = YES;
				CLANG_WARN_RANGE_LOOP_ANALYSIS = YES;
				CLANG_WARN_STRICT_PROTOTYPES = YES;
				CLANG_WARN_SUSPICIOUS_MOVE = YES;
				CLANG_WARN_UNGUARDED_AVAILABILITY = YES_AGGRESSIVE;
				CLANG_WARN_UNREACHABLE_CODE = YES;
				CLANG_WARN__DUPLICATE_METHOD_MATCH = YES;
				COPY_PHASE_STRIP = NO;
				DEBUG_INFORMATION_FORMAT = dwarf;
				ENABLE_STRICT_OBJC_MSGSEND = YES;
				ENABLE_TESTABILITY = YES;
				GCC_C_LANGUAGE_STANDARD = gnu11;
				GCC_DYNAMIC_NO_PIC = NO;
				GCC_NO_COMMON_BLOCKS = YES;
				GCC_OPTIMIZATION_LEVEL = 0;
				GCC_PREPROCESSOR_DEFINITIONS = (
					"DEBUG=1",
					"$(inherited)",
				);
				GCC_WARN_64_TO_32_BIT_CONVERSION = YES;
				GCC_WARN_ABOUT_RETURN_TYPE = YES_ERROR;
				GCC_WARN_UNDECLARED_SELECTOR = YES;
				GCC_WARN_UNINITIALIZED_AUTOS = YES_AGGRESSIVE;
				GCC_WARN_UNUSED_FUNCTION = YES;
				GCC_WARN_UNUSED_VARIABLE = YES;
				IPHONEOS_DEPLOYMENT_TARGET = 14.5;
				MTL_ENABLE_DEBUG_INFO = INCLUDE_SOURCE;
				MTL_FAST_MATH = YES;
				ONLY_ACTIVE_ARCH = YES;
				SDKROOT = iphoneos;
				SWIFT_ACTIVE_COMPILATION_CONDITIONS = DEBUG;
				SWIFT_OPTIMIZATION_LEVEL = "-Onone";
			};
			name = Debug;
		};
		3781DCAF26B243CF00D4468B /* Release */ = {
			isa = XCBuildConfiguration;
			buildSettings = {
				ALWAYS_SEARCH_USER_PATHS = NO;
				CLANG_ANALYZER_NONNULL = YES;
				CLANG_ANALYZER_NUMBER_OBJECT_CONVERSION = YES_AGGRESSIVE;
				CLANG_CXX_LANGUAGE_STANDARD = "gnu++14";
				CLANG_CXX_LIBRARY = "libc++";
				CLANG_ENABLE_MODULES = YES;
				CLANG_ENABLE_OBJC_ARC = YES;
				CLANG_ENABLE_OBJC_WEAK = YES;
				CLANG_WARN_BLOCK_CAPTURE_AUTORELEASING = YES;
				CLANG_WARN_BOOL_CONVERSION = YES;
				CLANG_WARN_COMMA = YES;
				CLANG_WARN_CONSTANT_CONVERSION = YES;
				CLANG_WARN_DEPRECATED_OBJC_IMPLEMENTATIONS = YES;
				CLANG_WARN_DIRECT_OBJC_ISA_USAGE = YES_ERROR;
				CLANG_WARN_DOCUMENTATION_COMMENTS = YES;
				CLANG_WARN_EMPTY_BODY = YES;
				CLANG_WARN_ENUM_CONVERSION = YES;
				CLANG_WARN_INFINITE_RECURSION = YES;
				CLANG_WARN_INT_CONVERSION = YES;
				CLANG_WARN_NON_LITERAL_NULL_CONVERSION = YES;
				CLANG_WARN_OBJC_IMPLICIT_RETAIN_SELF = YES;
				CLANG_WARN_OBJC_LITERAL_CONVERSION = YES;
				CLANG_WARN_OBJC_ROOT_CLASS = YES_ERROR;
				CLANG_WARN_QUOTED_INCLUDE_IN_FRAMEWORK_HEADER = YES;
				CLANG_WARN_RANGE_LOOP_ANALYSIS = YES;
				CLANG_WARN_STRICT_PROTOTYPES = YES;
				CLANG_WARN_SUSPICIOUS_MOVE = YES;
				CLANG_WARN_UNGUARDED_AVAILABILITY = YES_AGGRESSIVE;
				CLANG_WARN_UNREACHABLE_CODE = YES;
				CLANG_WARN__DUPLICATE_METHOD_MATCH = YES;
				COPY_PHASE_STRIP = NO;
				DEBUG_INFORMATION_FORMAT = "dwarf-with-dsym";
				ENABLE_NS_ASSERTIONS = NO;
				ENABLE_STRICT_OBJC_MSGSEND = YES;
				GCC_C_LANGUAGE_STANDARD = gnu11;
				GCC_NO_COMMON_BLOCKS = YES;
				GCC_WARN_64_TO_32_BIT_CONVERSION = YES;
				GCC_WARN_ABOUT_RETURN_TYPE = YES_ERROR;
				GCC_WARN_UNDECLARED_SELECTOR = YES;
				GCC_WARN_UNINITIALIZED_AUTOS = YES_AGGRESSIVE;
				GCC_WARN_UNUSED_FUNCTION = YES;
				GCC_WARN_UNUSED_VARIABLE = YES;
				IPHONEOS_DEPLOYMENT_TARGET = 14.5;
				MTL_ENABLE_DEBUG_INFO = NO;
				MTL_FAST_MATH = YES;
				SDKROOT = iphoneos;
				SWIFT_COMPILATION_MODE = wholemodule;
				SWIFT_OPTIMIZATION_LEVEL = "-O";
				VALIDATE_PRODUCT = YES;
			};
			name = Release;
		};
		3781DCB126B243CF00D4468B /* Debug */ = {
			isa = XCBuildConfiguration;
			buildSettings = {
				ASSETCATALOG_COMPILER_APPICON_NAME = AppIcon;
				ASSETCATALOG_COMPILER_GLOBAL_ACCENT_COLOR_NAME = AccentColor;
				CODE_SIGN_STYLE = Automatic;
				INFOPLIST_FILE = SystemLayout/Info.plist;
				LD_RUNPATH_SEARCH_PATHS = (
					"$(inherited)",
					"@executable_path/Frameworks",
				);
				PRODUCT_BUNDLE_IDENTIFIER = com.ham.SystemLayout;
				PRODUCT_NAME = "$(TARGET_NAME)";
				SWIFT_VERSION = 5.0;
				TARGETED_DEVICE_FAMILY = "1,2";
			};
			name = Debug;
		};
		3781DCB226B243CF00D4468B /* Release */ = {
			isa = XCBuildConfiguration;
			buildSettings = {
				ASSETCATALOG_COMPILER_APPICON_NAME = AppIcon;
				ASSETCATALOG_COMPILER_GLOBAL_ACCENT_COLOR_NAME = AccentColor;
				CODE_SIGN_STYLE = Automatic;
				INFOPLIST_FILE = SystemLayout/Info.plist;
				LD_RUNPATH_SEARCH_PATHS = (
					"$(inherited)",
					"@executable_path/Frameworks",
				);
				PRODUCT_BUNDLE_IDENTIFIER = com.ham.SystemLayout;
				PRODUCT_NAME = "$(TARGET_NAME)";
				SWIFT_VERSION = 5.0;
				TARGETED_DEVICE_FAMILY = "1,2";
			};
			name = Release;
		};
/* End XCBuildConfiguration section */

/* Begin XCConfigurationList section */
		3781DC9726B243CE00D4468B /* Build configuration list for PBXProject "SystemLayout" */ = {
			isa = XCConfigurationList;
			buildConfigurations = (
				3781DCAE26B243CF00D4468B /* Debug */,
				3781DCAF26B243CF00D4468B /* Release */,
			);
			defaultConfigurationIsVisible = 0;
			defaultConfigurationName = Release;
		};
		3781DCB026B243CF00D4468B /* Build configuration list for PBXNativeTarget "SystemLayout" */ = {
			isa = XCConfigurationList;
			buildConfigurations = (
				3781DCB126B243CF00D4468B /* Debug */,
				3781DCB226B243CF00D4468B /* Release */,
			);
			defaultConfigurationIsVisible = 0;
			defaultConfigurationName = Release;
		};
/* End XCConfigurationList section */
	};
	rootObject = 3781DC9426B243CE00D4468B /* Project object */;
}
